lockfile_version: '1'
generated_at: '2026-05-26T23:18:42.711912+00:00'
apm_version: 0.13.0
dependencies:
- repo_url: GoogleChrome/modern-web-guidance
  host: github.com
  resolved_commit: d0f7544492d329e87b4878d96c266799ac5eeeba
  resolved_ref: d0f7544492d329e87b4878d96c266799ac5eeeba
  virtual_path: skills/modern-web-guidance
  is_virtual: true
  package_type: claude_skill
  deployed_files:
  - .claude/skills/modern-web-guidance
  content_hash: sha256:6f666fa7c384d08f10270bd5f5915cf5583164e5b60b59174a5c7eb736cb8de1
- repo_url: aws/agent-toolkit-for-aws
  host: github.com
  resolved_commit: ba1cc8ca4f063d88ca40c6acf3f670e6321b7a7f
  resolved_ref: ba1cc8ca4f063d88ca40c6acf3f670e6321b7a7f
  virtual_path: skills/core-skills/aws-cdk
  is_virtual: true
  package_type: claude_skill
  deployed_files:
  - .claude/skills/aws-cdk
  content_hash: sha256:ae241625fa69ae0f36b14b251de4a773027996e972e0844b9410dea2b850c86f
- repo_url: aws/agent-toolkit-for-aws
  host: github.com
  resolved_commit: ba1cc8ca4f063d88ca40c6acf3f670e6321b7a7f
  resolved_ref: ba1cc8ca4f063d88ca40c6acf3f670e6321b7a7f
  virtual_path: skills/core-skills/aws-cloudformation
  is_virtual: true
  package_type: claude_skill
  deployed_files:
  - .claude/skills/aws-cloudformation
  content_hash: sha256:3572ccb82ce2b2b941f0347031c64d32ff39de02eac75c9ae2b56cf225f8ec7b
- repo_url: aws/agent-toolkit-for-aws
  host: github.com
  resolved_commit: ba1cc8ca4f063d88ca40c6acf3f670e6321b7a7f
  resolved_ref: ba1cc8ca4f063d88ca40c6acf3f670e6321b7a7f
  virtual_path: skills/core-skills/aws-iam
  is_virtual: true
  package_type: claude_skill
  deployed_files:
  - .claude/skills/aws-iam
  content_hash: sha256:e6b01570731dc3a67e26ecaaa5ce0d1d7b54f39f5e041a057f23f3b22c57cd9c
- repo_url: aws/agent-toolkit-for-aws
  host: github.com
  resolved_commit: ba1cc8ca4f063d88ca40c6acf3f670e6321b7a7f
  resolved_ref: ba1cc8ca4f063d88ca40c6acf3f670e6321b7a7f
  virtual_path: skills/core-skills/aws-observability
  is_virtual: true
  package_type: claude_skill
  deployed_files:
  - .claude/skills/aws-observability
  content_hash: sha256:016bd8dae36b0862684adb9fdb550a645ecd69dc1a059724f04a183d1addd84d
- repo_url: aws/agent-toolkit-for-aws
  host: github.com
  resolved_commit: ba1cc8ca4f063d88ca40c6acf3f670e6321b7a7f
  resolved_ref: ba1cc8ca4f063d88ca40c6acf3f670e6321b7a7f
  virtual_path: skills/core-skills/aws-sdk-js-v3-usage
  is_virtual: true
  package_type: claude_skill
  deployed_files:
  - .claude/skills/aws-sdk-js-v3-usage
  content_hash: sha256:4fda5595deafac7384c16b9cf86a6c90a894e54949d149e9f8c68a29f189ea9e
- repo_url: aws/agent-toolkit-for-aws
  host: github.com
  resolved_commit: ba1cc8ca4f063d88ca40c6acf3f670e6321b7a7f
  resolved_ref: ba1cc8ca4f063d88ca40c6acf3f670e6321b7a7f
  virtual_path: skills/specialized-skills/networking-and-content-delivery-skills/routing-traffic-with-route53-and-cloudfront
  is_virtual: true
  package_type: claude_skill
  deployed_files:
  - .claude/skills/routing-traffic-with-route53-and-cloudfront
  content_hash: sha256:1a216fa8fff21132aa262d645d97f44fff73802ab96664bd4a9a0942640fcd1c
- repo_url: aws/agent-toolkit-for-aws
  host: github.com
  resolved_commit: ba1cc8ca4f063d88ca40c6acf3f670e6321b7a7f
  resolved_ref: ba1cc8ca4f063d88ca40c6acf3f670e6321b7a7f
  virtual_path: skills/specialized-skills/operations-skills/setting-up-cloudwatch-alarm-notifications
  is_virtual: true
  package_type: claude_skill
  deployed_files:
  - .claude/skills/setting-up-cloudwatch-alarm-notifications
  content_hash: sha256:d06fc6d09b5e0da1e9b89fb3ac507cfa800115adff8d16ce8b329362fab42ec7
- repo_url: aws/agent-toolkit-for-aws
  host: github.com
  resolved_commit: ba1cc8ca4f063d88ca40c6acf3f670e6321b7a7f
  resolved_ref: ba1cc8ca4f063d88ca40c6acf3f670e6321b7a7f
  virtual_path: skills/specialized-skills/operations-skills/troubleshooting-application-failures
  is_virtual: true
  package_type: claude_skill
  deployed_files:
  - .claude/skills/troubleshooting-application-failures
  content_hash: sha256:f3cbf837b1c53d58f3118e6a3ef5ff50ff82b1186f7b2eb8aa640626601a0269
- repo_url: aws/agent-toolkit-for-aws
  host: github.com
  resolved_commit: ba1cc8ca4f063d88ca40c6acf3f670e6321b7a7f
  resolved_ref: ba1cc8ca4f063d88ca40c6acf3f670e6321b7a7f
  virtual_path: skills/specialized-skills/security-and-identity-skills/creating-secrets-using-best-practices
  is_virtual: true
  package_type: claude_skill
  deployed_files:
  - .claude/skills/creating-secrets-using-best-practices
  content_hash: sha256:4420d479a9e1efec486d5b0425bfd2e919ad9ccc1fd2795c83d210a55c91c870
- repo_url: aws/agent-toolkit-for-aws
  host: github.com
  resolved_commit: ba1cc8ca4f063d88ca40c6acf3f670e6321b7a7f
  resolved_ref: ba1cc8ca4f063d88ca40c6acf3f670e6321b7a7f
  virtual_path: skills/specialized-skills/serverless-skills/connecting-lambda-to-api-gateway
  is_virtual: true
  package_type: claude_skill
  deployed_files:
  - .claude/skills/connecting-lambda-to-api-gateway
  content_hash: sha256:889cefb3b4e939aab214739a8cd7abd472553c8604577dd37638aed5692b5666
- repo_url: aws/agent-toolkit-for-aws
  host: github.com
  resolved_commit: ba1cc8ca4f063d88ca40c6acf3f670e6321b7a7f
  resolved_ref: ba1cc8ca4f063d88ca40c6acf3f670e6321b7a7f
  virtual_path: skills/specialized-skills/serverless-skills/creating-api-gateway-stage
  is_virtual: true
  package_type: claude_skill
  deployed_files:
  - .claude/skills/creating-api-gateway-stage
  content_hash: sha256:b38d67fb759c9d6ec6bd54b8786e1c8217eb13e349f44af97381d53bcf5c8531
- repo_url: aws/agent-toolkit-for-aws
  host: github.com
  resolved_commit: ba1cc8ca4f063d88ca40c6acf3f670e6321b7a7f
  resolved_ref: ba1cc8ca4f063d88ca40c6acf3f670e6321b7a7f
  virtual_path: skills/specialized-skills/serverless-skills/debugging-lambda-timeouts
  is_virtual: true
  package_type: claude_skill
  deployed_files:
  - .claude/skills/debugging-lambda-timeouts
  content_hash: sha256:da3148ccff16e63b1680501e30f2ab9511d371d9a8dd5cbff5f5c0d9b15d3c37
- repo_url: vercel-labs/agent-skills
  host: github.com
  resolved_commit: 18a24346600009dc3fcb99e4b2cd83b301601775
  resolved_ref: 18a24346600009dc3fcb99e4b2cd83b301601775
  virtual_path: skills/composition-patterns
  is_virtual: true
  package_type: claude_skill
  deployed_files:
  - .claude/skills/composition-patterns
  content_hash: sha256:5b3564ca435f4714d5e65023351e1999e4744818603a9cfb6a6f6a61b7d84918
- repo_url: vercel-labs/agent-skills
  host: github.com
  resolved_commit: 18a24346600009dc3fcb99e4b2cd83b301601775
  resolved_ref: 18a24346600009dc3fcb99e4b2cd83b301601775
  virtual_path: skills/react-best-practices
  is_virtual: true
  package_type: claude_skill
  deployed_files:
  - .claude/skills/react-best-practices
  content_hash: sha256:74f142d28d360d78e8bac4f239a84c87f0ced9015729bc72b5458d82ff45b015
- repo_url: vercel-labs/agent-skills
  host: github.com
  resolved_commit: 18a24346600009dc3fcb99e4b2cd83b301601775
  resolved_ref: 18a24346600009dc3fcb99e4b2cd83b301601775
  virtual_path: skills/web-design-guidelines
  is_virtual: true
  package_type: claude_skill
  deployed_files:
  - .claude/skills/web-design-guidelines
  content_hash: sha256:a6a44d5498f7e8f68289902f3dedfc6f38ae0cee1e96527c80724cf27f727c2a
